
Microsoft Visual Studio Solution File, Format Version 12.00
# Visual Studio Version 16
VisualStudioVersion = 16.0.30621.155
MinimumVisualStudioVersion = 10.0.40219.1
Project("{FAE04EC0-301F-11D3-BF4B-00C04F79EFBC}") = "TextEditor", "TextEditor\TextEditor.csproj", "{0CD9EBFE-A6C4-4FCF-A78C-ECA02C52C252}"
EndProject
Global
	GlobalSection(SolutionConfigurationPlatforms) = preSolution
		Debug|Any CPU = Debug|Any CPU
		Release|Any CPU = Release|Any CPU
	EndGlobalSection
	GlobalSection(ProjectConfigurationPlatforms) = postSolution
		{0CD9EBFE-A6C4-4FCF-A78C-ECA02C52C252}.Debug|Any CPU.ActiveCfg = Debug|Any CPU
		{0CD9EBFE-A6C4-4FCF-A78C-ECA02C52C252}.Debug|Any CPU.Build.0 = Debug|Any CPU
		{0CD9EBFE-A6C4-4FCF-A78C-ECA02C52C252}.Release|Any CPU.ActiveCfg = Release|Any CPU
		{0CD9EBFE-A6C4-4FCF-A78C-ECA02C52C252}.Release|Any CPU.Build.0 = Release|Any CPU
	EndGlobalSection
	GlobalSection(SolutionProperties) = preSolution
		HideSolutionNode = FALSE
	EndGlobalSection
	GlobalSection(ExtensibilityGlobals) = postSolution
		SolutionGuid = {EC1190FC-3472-44D4-9E8D-2BC8AB93C5DD}
	EndGlobalSection
EndGlobal
