
Microsoft Visual Studio Solution File, Format Version 12.00
# Visual Studio Version 16
VisualStudioVersion = 16.0.30621.155
MinimumVisualStudioVersion = 10.0.40219.1
Project("{FAE04EC0-301F-11D3-BF4B-00C04F79EFBC}") = "WPFTask", "WPFTask\WPFTask.csproj", "{653DA009-828D-4FC6-A774-6F8FF90F0AA7}"
EndProject
Global
	GlobalSection(SolutionConfigurationPlatforms) = preSolution
		Debug|Any CPU = Debug|Any CPU
		Release|Any CPU = Release|Any CPU
	EndGlobalSection
	GlobalSection(ProjectConfigurationPlatforms) = postSolution
		{653DA009-828D-4FC6-A774-6F8FF90F0AA7}.Debug|Any CPU.ActiveCfg = Debug|Any CPU
		{653DA009-828D-4FC6-A774-6F8FF90F0AA7}.Debug|Any CPU.Build.0 = Debug|Any CPU
		{653DA009-828D-4FC6-A774-6F8FF90F0AA7}.Release|Any CPU.ActiveCfg = Release|Any CPU
		{653DA009-828D-4FC6-A774-6F8FF90F0AA7}.Release|Any CPU.Build.0 = Release|Any CPU
	EndGlobalSection
	GlobalSection(SolutionProperties) = preSolution
		HideSolutionNode = FALSE
	EndGlobalSection
	GlobalSection(ExtensibilityGlobals) = postSolution
		SolutionGuid = {82784093-9939-40F4-BA7B-9960AC2C39A1}
	EndGlobalSection
EndGlobal
